
Microsoft Visual Studio Solution File, Format Version 12.00
Project("{FAE04EC0-301F-11D3-BF4B-00C04F79EFBC}") = "Blazor.Demo.Shared", "Blazor.Demo.Shared\Blazor.Demo.Shared.csproj", "{FCCC80C0-7597-4CEA-9530-84A826FF708E}"
EndProject
Project("{FAE04EC0-301F-11D3-BF4B-00C04F79EFBC}") = "Blazor.Demo.Client", "Blazor.DemoClient\Blazor.Demo.Client.csproj", "{DA85A15E-7966-4D38-A858-58AFA78911FE}"
EndProject
Project("{FAE04EC0-301F-11D3-BF4B-00C04F79EFBC}") = "Blazor.Demo.Styles", "Blazor.Demo.Styles\Blazor.Demo.Styles.csproj", "{4119EB8A-362B-4D20-A86D-39A4DA5F9FF1}"
EndProject
Project("{FAE04EC0-301F-11D3-BF4B-00C04F79EFBC}") = "Blazor.Demo.Server", "Blazor.Demo.Server\Blazor.Demo.Server.csproj", "{8EDF2FB0-BFF3-4CC8-B7A7-F4A15BD04B8B}"
EndProject
Project("{FAE04EC0-301F-11D3-BF4B-00C04F79EFBC}") = "Blazor.Demo.State", "Blazor.Demo.State\Blazor.Demo.State.csproj", "{781A1D84-AD3D-4F0F-8C8A-BDE9B414CE91}"
EndProject
Project("{FAE04EC0-301F-11D3-BF4B-00C04F79EFBC}") = "Blazor.Demo.Components", "Blazor.Demo.Components\Blazor.Demo.Components.csproj", "{9B3BB2D1-5888-4600-9BD0-3F7D7C7981B8}"
EndProject
Project("{FAE04EC0-301F-11D3-BF4B-00C04F79EFBC}") = "Blazor.Demo.Modal", "Blazor.Demo.Modal\Blazor.Demo.Modal.csproj", "{0091A30D-5FE1-4FFE-8502-51DE01719934}"
EndProject
Global
	GlobalSection(SolutionConfigurationPlatforms) = preSolution
		Debug|Any CPU = Debug|Any CPU
		Release|Any CPU = Release|Any CPU
	EndGlobalSection
	GlobalSection(ProjectConfigurationPlatforms) = postSolution
		{FCCC80C0-7597-4CEA-9530-84A826FF708E}.Debug|Any CPU.ActiveCfg = Debug|Any CPU
		{FCCC80C0-7597-4CEA-9530-84A826FF708E}.Debug|Any CPU.Build.0 = Debug|Any CPU
		{FCCC80C0-7597-4CEA-9530-84A826FF708E}.Release|Any CPU.ActiveCfg = Release|Any CPU
		{FCCC80C0-7597-4CEA-9530-84A826FF708E}.Release|Any CPU.Build.0 = Release|Any CPU
		{DA85A15E-7966-4D38-A858-58AFA78911FE}.Debug|Any CPU.ActiveCfg = Debug|Any CPU
		{DA85A15E-7966-4D38-A858-58AFA78911FE}.Debug|Any CPU.Build.0 = Debug|Any CPU
		{DA85A15E-7966-4D38-A858-58AFA78911FE}.Release|Any CPU.ActiveCfg = Release|Any CPU
		{DA85A15E-7966-4D38-A858-58AFA78911FE}.Release|Any CPU.Build.0 = Release|Any CPU
		{4119EB8A-362B-4D20-A86D-39A4DA5F9FF1}.Debug|Any CPU.ActiveCfg = Debug|Any CPU
		{4119EB8A-362B-4D20-A86D-39A4DA5F9FF1}.Debug|Any CPU.Build.0 = Debug|Any CPU
		{4119EB8A-362B-4D20-A86D-39A4DA5F9FF1}.Release|Any CPU.ActiveCfg = Release|Any CPU
		{4119EB8A-362B-4D20-A86D-39A4DA5F9FF1}.Release|Any CPU.Build.0 = Release|Any CPU
		{8EDF2FB0-BFF3-4CC8-B7A7-F4A15BD04B8B}.Debug|Any CPU.ActiveCfg = Debug|Any CPU
		{8EDF2FB0-BFF3-4CC8-B7A7-F4A15BD04B8B}.Debug|Any CPU.Build.0 = Debug|Any CPU
		{8EDF2FB0-BFF3-4CC8-B7A7-F4A15BD04B8B}.Release|Any CPU.ActiveCfg = Release|Any CPU
		{8EDF2FB0-BFF3-4CC8-B7A7-F4A15BD04B8B}.Release|Any CPU.Build.0 = Release|Any CPU
		{781A1D84-AD3D-4F0F-8C8A-BDE9B414CE91}.Debug|Any CPU.ActiveCfg = Debug|Any CPU
		{781A1D84-AD3D-4F0F-8C8A-BDE9B414CE91}.Debug|Any CPU.Build.0 = Debug|Any CPU
		{781A1D84-AD3D-4F0F-8C8A-BDE9B414CE91}.Release|Any CPU.ActiveCfg = Release|Any CPU
		{781A1D84-AD3D-4F0F-8C8A-BDE9B414CE91}.Release|Any CPU.Build.0 = Release|Any CPU
		{9B3BB2D1-5888-4600-9BD0-3F7D7C7981B8}.Debug|Any CPU.ActiveCfg = Debug|Any CPU
		{9B3BB2D1-5888-4600-9BD0-3F7D7C7981B8}.Debug|Any CPU.Build.0 = Debug|Any CPU
		{9B3BB2D1-5888-4600-9BD0-3F7D7C7981B8}.Release|Any CPU.ActiveCfg = Release|Any CPU
		{9B3BB2D1-5888-4600-9BD0-3F7D7C7981B8}.Release|Any CPU.Build.0 = Release|Any CPU
		{0091A30D-5FE1-4FFE-8502-51DE01719934}.Debug|Any CPU.ActiveCfg = Debug|Any CPU
		{0091A30D-5FE1-4FFE-8502-51DE01719934}.Debug|Any CPU.Build.0 = Debug|Any CPU
		{0091A30D-5FE1-4FFE-8502-51DE01719934}.Release|Any CPU.ActiveCfg = Release|Any CPU
		{0091A30D-5FE1-4FFE-8502-51DE01719934}.Release|Any CPU.Build.0 = Release|Any CPU
	EndGlobalSection
EndGlobal
